
Microsoft Visual Studio Solution File, Format Version 12.00
# Visual Studio Version 16
VisualStudioVersion = 16.0.29215.179
MinimumVisualStudioVersion = 10.0.40219.1
Project("{FAE04EC0-301F-11D3-BF4B-00C04F79EFBC}") = "grpc", "grpc.csproj", "{290F583B-723B-463B-8BA3-A768B0DBC5D1}"
EndProject
Global
	GlobalSection(SolutionConfigurationPlatforms) = preSolution
		Debug|Any CPU = Debug|Any CPU
		Release|Any CPU = Release|Any CPU
	EndGlobalSection
	GlobalSection(ProjectConfigurationPlatforms) = postSolution
		{290F583B-723B-463B-8BA3-A768B0DBC5D1}.Debug|Any CPU.ActiveCfg = Debug|Any CPU
		{290F583B-723B-463B-8BA3-A768B0DBC5D1}.Debug|Any CPU.Build.0 = Debug|Any CPU
		{290F583B-723B-463B-8BA3-A768B0DBC5D1}.Release|Any CPU.ActiveCfg = Release|Any CPU
		{290F583B-723B-463B-8BA3-A768B0DBC5D1}.Release|Any CPU.Build.0 = Release|Any CPU
	EndGlobalSection
	GlobalSection(SolutionProperties) = preSolution
		HideSolutionNode = FALSE
	EndGlobalSection
	GlobalSection(ExtensibilityGlobals) = postSolution
		SolutionGuid = {A59761FB-969C-4B3B-972C-9E816A4D15A7}
	EndGlobalSection
EndGlobal
